
Microsoft Visual Studio Solution File, Format Version 12.00
# Visual Studio Version 16
VisualStudioVersion = 16.0.29306.81
MinimumVisualStudioVersion = 10.0.40219.1
Project("{2150E333-8FDC-42A3-9474-1A3956D46DE8}") = "Lab8", "Lab8", "{1375B9A8-6F90-46B4-BAAD-330BB15CD676}"
EndProject
Project("{FAE04EC0-301F-11D3-BF4B-00C04F79EFBC}") = "Figures", "Figures\Figures.csproj", "{FB0A9EA2-91D9-4E08-8335-EF1E013C1C82}"
EndProject
Project("{FAE04EC0-301F-11D3-BF4B-00C04F79EFBC}") = "FigureLibrary", "FigureLibrary\FigureLibrary.csproj", "{48AFDECA-B363-4347-A130-4645844B1FDB}"
EndProject
Global
	GlobalSection(SolutionConfigurationPlatforms) = preSolution
		Debug|Any CPU = Debug|Any CPU
		Release|Any CPU = Release|Any CPU
	EndGlobalSection
	GlobalSection(ProjectConfigurationPlatforms) = postSolution
		{12BC8046-5447-48AA-A646-B632529618E4}.Debug|Any CPU.ActiveCfg = Debug|Any CPU
		{12BC8046-5447-48AA-A646-B632529618E4}.Debug|Any CPU.Build.0 = Debug|Any CPU
		{12BC8046-5447-48AA-A646-B632529618E4}.Release|Any CPU.ActiveCfg = Release|Any CPU
		{12BC8046-5447-48AA-A646-B632529618E4}.Release|Any CPU.Build.0 = Release|Any CPU
		{5B2D1AB1-D6F7-4D94-9EEB-6310E9F3BC99}.Debug|Any CPU.ActiveCfg = Debug|Any CPU
		{5B2D1AB1-D6F7-4D94-9EEB-6310E9F3BC99}.Debug|Any CPU.Build.0 = Debug|Any CPU
		{5B2D1AB1-D6F7-4D94-9EEB-6310E9F3BC99}.Release|Any CPU.ActiveCfg = Release|Any CPU
		{5B2D1AB1-D6F7-4D94-9EEB-6310E9F3BC99}.Release|Any CPU.Build.0 = Release|Any CPU
		{41FB5EB3-22C8-4032-8A02-85DEAB97F228}.Debug|Any CPU.ActiveCfg = Debug|Any CPU
		{41FB5EB3-22C8-4032-8A02-85DEAB97F228}.Debug|Any CPU.Build.0 = Debug|Any CPU
		{41FB5EB3-22C8-4032-8A02-85DEAB97F228}.Release|Any CPU.ActiveCfg = Release|Any CPU
		{41FB5EB3-22C8-4032-8A02-85DEAB97F228}.Release|Any CPU.Build.0 = Release|Any CPU
		{18BD8A64-F48A-416C-A32B-AFEE4593904A}.Debug|Any CPU.ActiveCfg = Debug|Any CPU
		{18BD8A64-F48A-416C-A32B-AFEE4593904A}.Debug|Any CPU.Build.0 = Debug|Any CPU
		{18BD8A64-F48A-416C-A32B-AFEE4593904A}.Release|Any CPU.ActiveCfg = Release|Any CPU
		{18BD8A64-F48A-416C-A32B-AFEE4593904A}.Release|Any CPU.Build.0 = Release|Any CPU
		{76982C0C-C1D5-4612-9266-648DB9326812}.Debug|Any CPU.ActiveCfg = Debug|Any CPU
		{76982C0C-C1D5-4612-9266-648DB9326812}.Debug|Any CPU.Build.0 = Debug|Any CPU
		{76982C0C-C1D5-4612-9266-648DB9326812}.Release|Any CPU.ActiveCfg = Release|Any CPU
		{76982C0C-C1D5-4612-9266-648DB9326812}.Release|Any CPU.Build.0 = Release|Any CPU
		{8146815A-1CA2-40C0-92D2-240E07FFCD88}.Debug|Any CPU.ActiveCfg = Debug|Any CPU
		{8146815A-1CA2-40C0-92D2-240E07FFCD88}.Debug|Any CPU.Build.0 = Debug|Any CPU
		{8146815A-1CA2-40C0-92D2-240E07FFCD88}.Release|Any CPU.ActiveCfg = Release|Any CPU
		{8146815A-1CA2-40C0-92D2-240E07FFCD88}.Release|Any CPU.Build.0 = Release|Any CPU
		{9184AD7C-200F-4162-A62C-9FDCB50D5A99}.Debug|Any CPU.ActiveCfg = Debug|Any CPU
		{9184AD7C-200F-4162-A62C-9FDCB50D5A99}.Debug|Any CPU.Build.0 = Debug|Any CPU
		{9184AD7C-200F-4162-A62C-9FDCB50D5A99}.Release|Any CPU.ActiveCfg = Release|Any CPU
		{9184AD7C-200F-4162-A62C-9FDCB50D5A99}.Release|Any CPU.Build.0 = Release|Any CPU
		{C775B2DA-65AC-419D-B015-B52E206D265E}.Debug|Any CPU.ActiveCfg = Debug|Any CPU
		{C775B2DA-65AC-419D-B015-B52E206D265E}.Debug|Any CPU.Build.0 = Debug|Any CPU
		{C775B2DA-65AC-419D-B015-B52E206D265E}.Release|Any CPU.ActiveCfg = Release|Any CPU
		{C775B2DA-65AC-419D-B015-B52E206D265E}.Release|Any CPU.Build.0 = Release|Any CPU
		{5E113C7A-9F9D-4867-980B-B9A733E2DC25}.Debug|Any CPU.ActiveCfg = Debug|Any CPU
		{5E113C7A-9F9D-4867-980B-B9A733E2DC25}.Debug|Any CPU.Build.0 = Debug|Any CPU
		{5E113C7A-9F9D-4867-980B-B9A733E2DC25}.Release|Any CPU.ActiveCfg = Release|Any CPU
		{5E113C7A-9F9D-4867-980B-B9A733E2DC25}.Release|Any CPU.Build.0 = Release|Any CPU
		{EC0B52D8-B37E-46B0-BA46-1E98421B57AE}.Debug|Any CPU.ActiveCfg = Debug|Any CPU
		{EC0B52D8-B37E-46B0-BA46-1E98421B57AE}.Debug|Any CPU.Build.0 = Debug|Any CPU
		{EC0B52D8-B37E-46B0-BA46-1E98421B57AE}.Release|Any CPU.ActiveCfg = Release|Any CPU
		{EC0B52D8-B37E-46B0-BA46-1E98421B57AE}.Release|Any CPU.Build.0 = Release|Any CPU
		{41C9B036-8C00-47E5-8A35-15F142D0F054}.Debug|Any CPU.ActiveCfg = Debug|Any CPU
		{41C9B036-8C00-47E5-8A35-15F142D0F054}.Debug|Any CPU.Build.0 = Debug|Any CPU
		{41C9B036-8C00-47E5-8A35-15F142D0F054}.Release|Any CPU.ActiveCfg = Release|Any CPU
		{41C9B036-8C00-47E5-8A35-15F142D0F054}.Release|Any CPU.Build.0 = Release|Any CPU
		{30F83C47-A93E-4879-AE40-DC19A11AB13A}.Debug|Any CPU.ActiveCfg = Debug|Any CPU
		{30F83C47-A93E-4879-AE40-DC19A11AB13A}.Debug|Any CPU.Build.0 = Debug|Any CPU
		{30F83C47-A93E-4879-AE40-DC19A11AB13A}.Release|Any CPU.ActiveCfg = Release|Any CPU
		{30F83C47-A93E-4879-AE40-DC19A11AB13A}.Release|Any CPU.Build.0 = Release|Any CPU
		{366B1AE0-24D7-4C34-AB05-FC6BC10EBFD3}.Debug|Any CPU.ActiveCfg = Debug|Any CPU
		{366B1AE0-24D7-4C34-AB05-FC6BC10EBFD3}.Debug|Any CPU.Build.0 = Debug|Any CPU
		{366B1AE0-24D7-4C34-AB05-FC6BC10EBFD3}.Release|Any CPU.ActiveCfg = Release|Any CPU
		{366B1AE0-24D7-4C34-AB05-FC6BC10EBFD3}.Release|Any CPU.Build.0 = Release|Any CPU
		{EC53790F-BBAD-46D5-938F-7FF9F606E05F}.Debug|Any CPU.ActiveCfg = Debug|Any CPU
		{EC53790F-BBAD-46D5-938F-7FF9F606E05F}.Debug|Any CPU.Build.0 = Debug|Any CPU
		{EC53790F-BBAD-46D5-938F-7FF9F606E05F}.Release|Any CPU.ActiveCfg = Release|Any CPU
		{EC53790F-BBAD-46D5-938F-7FF9F606E05F}.Release|Any CPU.Build.0 = Release|Any CPU
		{269E795B-12AA-4BBE-9FD5-428E6FCB4BF3}.Debug|Any CPU.ActiveCfg = Debug|Any CPU
		{269E795B-12AA-4BBE-9FD5-428E6FCB4BF3}.Debug|Any CPU.Build.0 = Debug|Any CPU
		{269E795B-12AA-4BBE-9FD5-428E6FCB4BF3}.Release|Any CPU.ActiveCfg = Release|Any CPU
		{269E795B-12AA-4BBE-9FD5-428E6FCB4BF3}.Release|Any CPU.Build.0 = Release|Any CPU
		{A63E457B-818C-4656-91F2-0B76E83632F4}.Debug|Any CPU.ActiveCfg = Debug|Any CPU
		{A63E457B-818C-4656-91F2-0B76E83632F4}.Debug|Any CPU.Build.0 = Debug|Any CPU
		{A63E457B-818C-4656-91F2-0B76E83632F4}.Release|Any CPU.ActiveCfg = Release|Any CPU
		{A63E457B-818C-4656-91F2-0B76E83632F4}.Release|Any CPU.Build.0 = Release|Any CPU
		{BC7CF5AF-490A-468F-93CB-A2F4B85DE994}.Debug|Any CPU.ActiveCfg = Debug|Any CPU
		{BC7CF5AF-490A-468F-93CB-A2F4B85DE994}.Debug|Any CPU.Build.0 = Debug|Any CPU
		{BC7CF5AF-490A-468F-93CB-A2F4B85DE994}.Release|Any CPU.ActiveCfg = Release|Any CPU
		{BC7CF5AF-490A-468F-93CB-A2F4B85DE994}.Release|Any CPU.Build.0 = Release|Any CPU
		{6186DA6D-8A04-41A9-B994-0A07AAA7828A}.Debug|Any CPU.ActiveCfg = Debug|Any CPU
		{6186DA6D-8A04-41A9-B994-0A07AAA7828A}.Debug|Any CPU.Build.0 = Debug|Any CPU
		{6186DA6D-8A04-41A9-B994-0A07AAA7828A}.Release|Any CPU.ActiveCfg = Release|Any CPU
		{6186DA6D-8A04-41A9-B994-0A07AAA7828A}.Release|Any CPU.Build.0 = Release|Any CPU
		{10AD0705-7860-4184-A886-1120FCDA4490}.Debug|Any CPU.ActiveCfg = Debug|Any CPU
		{10AD0705-7860-4184-A886-1120FCDA4490}.Debug|Any CPU.Build.0 = Debug|Any CPU
		{10AD0705-7860-4184-A886-1120FCDA4490}.Release|Any CPU.ActiveCfg = Release|Any CPU
		{10AD0705-7860-4184-A886-1120FCDA4490}.Release|Any CPU.Build.0 = Release|Any CPU
		{57B95AB4-59DF-411A-BB39-584AEC874012}.Debug|Any CPU.ActiveCfg = Debug|Any CPU
		{57B95AB4-59DF-411A-BB39-584AEC874012}.Debug|Any CPU.Build.0 = Debug|Any CPU
		{57B95AB4-59DF-411A-BB39-584AEC874012}.Release|Any CPU.ActiveCfg = Release|Any CPU
		{57B95AB4-59DF-411A-BB39-584AEC874012}.Release|Any CPU.Build.0 = Release|Any CPU
		{FB0A9EA2-91D9-4E08-8335-EF1E013C1C82}.Debug|Any CPU.ActiveCfg = Debug|Any CPU
		{FB0A9EA2-91D9-4E08-8335-EF1E013C1C82}.Debug|Any CPU.Build.0 = Debug|Any CPU
		{FB0A9EA2-91D9-4E08-8335-EF1E013C1C82}.Release|Any CPU.ActiveCfg = Release|Any CPU
		{FB0A9EA2-91D9-4E08-8335-EF1E013C1C82}.Release|Any CPU.Build.0 = Release|Any CPU
		{48AFDECA-B363-4347-A130-4645844B1FDB}.Debug|Any CPU.ActiveCfg = Debug|Any CPU
		{48AFDECA-B363-4347-A130-4645844B1FDB}.Debug|Any CPU.Build.0 = Debug|Any CPU
		{48AFDECA-B363-4347-A130-4645844B1FDB}.Release|Any CPU.ActiveCfg = Release|Any CPU
		{48AFDECA-B363-4347-A130-4645844B1FDB}.Release|Any CPU.Build.0 = Release|Any CPU
	EndGlobalSection
	GlobalSection(SolutionProperties) = preSolution
		HideSolutionNode = FALSE
	EndGlobalSection
	GlobalSection(NestedProjects) = preSolution
		{12BC8046-5447-48AA-A646-B632529618E4} = {7BA5390E-25A4-45D5-B614-AD729DA92EFA}
		{5B2D1AB1-D6F7-4D94-9EEB-6310E9F3BC99} = {7BA5390E-25A4-45D5-B614-AD729DA92EFA}
		{41FB5EB3-22C8-4032-8A02-85DEAB97F228} = {2B8973DE-2B8C-4BC5-9140-3251A0CD8E41}
		{18BD8A64-F48A-416C-A32B-AFEE4593904A} = {2B8973DE-2B8C-4BC5-9140-3251A0CD8E41}
		{76982C0C-C1D5-4612-9266-648DB9326812} = {2B8973DE-2B8C-4BC5-9140-3251A0CD8E41}
		{8146815A-1CA2-40C0-92D2-240E07FFCD88} = {B7E02C0F-4855-4383-9397-5A0C64842D46}
		{9184AD7C-200F-4162-A62C-9FDCB50D5A99} = {B7E02C0F-4855-4383-9397-5A0C64842D46}
		{C775B2DA-65AC-419D-B015-B52E206D265E} = {B7E02C0F-4855-4383-9397-5A0C64842D46}
		{5E113C7A-9F9D-4867-980B-B9A733E2DC25} = {072CCA81-E74D-4A4A-81BC-4F5DD1BDF57A}
		{EC0B52D8-B37E-46B0-BA46-1E98421B57AE} = {072CCA81-E74D-4A4A-81BC-4F5DD1BDF57A}
		{41C9B036-8C00-47E5-8A35-15F142D0F054} = {072CCA81-E74D-4A4A-81BC-4F5DD1BDF57A}
		{30F83C47-A93E-4879-AE40-DC19A11AB13A} = {072CCA81-E74D-4A4A-81BC-4F5DD1BDF57A}
		{366B1AE0-24D7-4C34-AB05-FC6BC10EBFD3} = {65EA71CD-3077-4A3B-80DC-C5C5628EE993}
		{EC53790F-BBAD-46D5-938F-7FF9F606E05F} = {65EA71CD-3077-4A3B-80DC-C5C5628EE993}
		{269E795B-12AA-4BBE-9FD5-428E6FCB4BF3} = {E21B82D7-1A85-4FCB-9B93-DC4FDC783A56}
		{A63E457B-818C-4656-91F2-0B76E83632F4} = {072CCA81-E74D-4A4A-81BC-4F5DD1BDF57A}
		{BC7CF5AF-490A-468F-93CB-A2F4B85DE994} = {072CCA81-E74D-4A4A-81BC-4F5DD1BDF57A}
		{6186DA6D-8A04-41A9-B994-0A07AAA7828A} = {E21B82D7-1A85-4FCB-9B93-DC4FDC783A56}
		{10AD0705-7860-4184-A886-1120FCDA4490} = {B5CDF82F-CF54-40C8-B5A9-9DBCE745A25F}
		{57B95AB4-59DF-411A-BB39-584AEC874012} = {B5CDF82F-CF54-40C8-B5A9-9DBCE745A25F}
		{FB0A9EA2-91D9-4E08-8335-EF1E013C1C82} = {1375B9A8-6F90-46B4-BAAD-330BB15CD676}
		{48AFDECA-B363-4347-A130-4645844B1FDB} = {1375B9A8-6F90-46B4-BAAD-330BB15CD676}
	EndGlobalSection
	GlobalSection(ExtensibilityGlobals) = postSolution
		SolutionGuid = {520B2F3E-5BB7-48D0-A850-D5BA1CF41C0F}
	EndGlobalSection
EndGlobal
